
Microsoft Visual Studio Solution File, Format Version 12.00
# Visual Studio Version 16
VisualStudioVersion = 16.0.30621.155
MinimumVisualStudioVersion = 10.0.40219.1
Project("{FAE04EC0-301F-11D3-BF4B-00C04F79EFBC}") = "ShuffleTheArray", "Shuffle the Array\ShuffleTheArray.csproj", "{9E1C14E0-6875-424B-AB8D-A9569EA85F55}"
EndProject
Global
	GlobalSection(SolutionConfigurationPlatforms) = preSolution
		Debug|Any CPU = Debug|Any CPU
		Release|Any CPU = Release|Any CPU
	EndGlobalSection
	GlobalSection(ProjectConfigurationPlatforms) = postSolution
		{9E1C14E0-6875-424B-AB8D-A9569EA85F55}.Debug|Any CPU.ActiveCfg = Debug|Any CPU
		{9E1C14E0-6875-424B-AB8D-A9569EA85F55}.Debug|Any CPU.Build.0 = Debug|Any CPU
		{9E1C14E0-6875-424B-AB8D-A9569EA85F55}.Release|Any CPU.ActiveCfg = Release|Any CPU
		{9E1C14E0-6875-424B-AB8D-A9569EA85F55}.Release|Any CPU.Build.0 = Release|Any CPU
	EndGlobalSection
	GlobalSection(SolutionProperties) = preSolution
		HideSolutionNode = FALSE
	EndGlobalSection
	GlobalSection(ExtensibilityGlobals) = postSolution
		SolutionGuid = {97D4E2AF-B199-4D84-BA03-0ED143607888}
	EndGlobalSection
EndGlobal
