
Microsoft Visual Studio Solution File, Format Version 12.00
# Visual Studio Version 16
VisualStudioVersion = 16.0.30621.155
MinimumVisualStudioVersion = 10.0.40219.1
Project("{FAE04EC0-301F-11D3-BF4B-00C04F79EFBC}") = "ClimbingTheLeaderboard", "ClimbingTheLeaderboard\ClimbingTheLeaderboard.csproj", "{EC16044E-0573-4B9D-B6D7-5FF6CFB58620}"
EndProject
Global
	GlobalSection(SolutionConfigurationPlatforms) = preSolution
		Debug|Any CPU = Debug|Any CPU
		Release|Any CPU = Release|Any CPU
	EndGlobalSection
	GlobalSection(ProjectConfigurationPlatforms) = postSolution
		{EC16044E-0573-4B9D-B6D7-5FF6CFB58620}.Debug|Any CPU.ActiveCfg = Debug|Any CPU
		{EC16044E-0573-4B9D-B6D7-5FF6CFB58620}.Debug|Any CPU.Build.0 = Debug|Any CPU
		{EC16044E-0573-4B9D-B6D7-5FF6CFB58620}.Release|Any CPU.ActiveCfg = Release|Any CPU
		{EC16044E-0573-4B9D-B6D7-5FF6CFB58620}.Release|Any CPU.Build.0 = Release|Any CPU
	EndGlobalSection
	GlobalSection(SolutionProperties) = preSolution
		HideSolutionNode = FALSE
	EndGlobalSection
	GlobalSection(ExtensibilityGlobals) = postSolution
		SolutionGuid = {7BB60650-A256-4A6F-B2A2-871CF8433DEE}
	EndGlobalSection
EndGlobal
