
Microsoft Visual Studio Solution File, Format Version 12.00
# Visual Studio Version 16
VisualStudioVersion = 16.0.30621.155
MinimumVisualStudioVersion = 10.0.40219.1
Project("{FAE04EC0-301F-11D3-BF4B-00C04F79EFBC}") = "RecentCounter", "RecentCounter\RecentCounter.csproj", "{232358F7-3BFA-44F1-9E7D-E6E61900196F}"
EndProject
Global
	GlobalSection(SolutionConfigurationPlatforms) = preSolution
		Debug|Any CPU = Debug|Any CPU
		Release|Any CPU = Release|Any CPU
	EndGlobalSection
	GlobalSection(ProjectConfigurationPlatforms) = postSolution
		{232358F7-3BFA-44F1-9E7D-E6E61900196F}.Debug|Any CPU.ActiveCfg = Debug|Any CPU
		{232358F7-3BFA-44F1-9E7D-E6E61900196F}.Debug|Any CPU.Build.0 = Debug|Any CPU
		{232358F7-3BFA-44F1-9E7D-E6E61900196F}.Release|Any CPU.ActiveCfg = Release|Any CPU
		{232358F7-3BFA-44F1-9E7D-E6E61900196F}.Release|Any CPU.Build.0 = Release|Any CPU
	EndGlobalSection
	GlobalSection(SolutionProperties) = preSolution
		HideSolutionNode = FALSE
	EndGlobalSection
	GlobalSection(ExtensibilityGlobals) = postSolution
		SolutionGuid = {42C3D67D-BF4B-4928-865F-853AC0C88102}
	EndGlobalSection
EndGlobal
