
Microsoft Visual Studio Solution File, Format Version 12.00
# Visual Studio Version 16
VisualStudioVersion = 16.0.30621.155
MinimumVisualStudioVersion = 10.0.40219.1
Project("{FAE04EC0-301F-11D3-BF4B-00C04F79EFBC}") = "MaxWidthOfVerticalArea", "MaxWidthOfVerticalArea\MaxWidthOfVerticalArea.csproj", "{84886A72-2182-430F-B03F-61146A836C29}"
EndProject
Global
	GlobalSection(SolutionConfigurationPlatforms) = preSolution
		Debug|Any CPU = Debug|Any CPU
		Release|Any CPU = Release|Any CPU
	EndGlobalSection
	GlobalSection(ProjectConfigurationPlatforms) = postSolution
		{84886A72-2182-430F-B03F-61146A836C29}.Debug|Any CPU.ActiveCfg = Debug|Any CPU
		{84886A72-2182-430F-B03F-61146A836C29}.Debug|Any CPU.Build.0 = Debug|Any CPU
		{84886A72-2182-430F-B03F-61146A836C29}.Release|Any CPU.ActiveCfg = Release|Any CPU
		{84886A72-2182-430F-B03F-61146A836C29}.Release|Any CPU.Build.0 = Release|Any CPU
	EndGlobalSection
	GlobalSection(SolutionProperties) = preSolution
		HideSolutionNode = FALSE
	EndGlobalSection
	GlobalSection(ExtensibilityGlobals) = postSolution
		SolutionGuid = {455388EC-CF77-4D3A-8FBA-B8ADE956613B}
	EndGlobalSection
EndGlobal
