
Microsoft Visual Studio Solution File, Format Version 12.00
# Visual Studio Version 16
VisualStudioVersion = 16.0.30621.155
MinimumVisualStudioVersion = 10.0.40219.1
Project("{FAE04EC0-301F-11D3-BF4B-00C04F79EFBC}") = "StringMatching", "StringMatching\StringMatching.csproj", "{78F33010-B351-4F01-B25E-253D1760A9B7}"
EndProject
Global
	GlobalSection(SolutionConfigurationPlatforms) = preSolution
		Debug|Any CPU = Debug|Any CPU
		Release|Any CPU = Release|Any CPU
	EndGlobalSection
	GlobalSection(ProjectConfigurationPlatforms) = postSolution
		{78F33010-B351-4F01-B25E-253D1760A9B7}.Debug|Any CPU.ActiveCfg = Debug|Any CPU
		{78F33010-B351-4F01-B25E-253D1760A9B7}.Debug|Any CPU.Build.0 = Debug|Any CPU
		{78F33010-B351-4F01-B25E-253D1760A9B7}.Release|Any CPU.ActiveCfg = Release|Any CPU
		{78F33010-B351-4F01-B25E-253D1760A9B7}.Release|Any CPU.Build.0 = Release|Any CPU
	EndGlobalSection
	GlobalSection(SolutionProperties) = preSolution
		HideSolutionNode = FALSE
	EndGlobalSection
	GlobalSection(ExtensibilityGlobals) = postSolution
		SolutionGuid = {AB976CD7-0EBB-42ED-84F7-ECAA15A85C0A}
	EndGlobalSection
EndGlobal
