
Microsoft Visual Studio Solution File, Format Version 12.00
# Visual Studio Version 16
VisualStudioVersion = 16.0.30621.155
MinimumVisualStudioVersion = 10.0.40219.1
Project("{FAE04EC0-301F-11D3-BF4B-00C04F79EFBC}") = "MagicSquare", "MagicSquare\MagicSquare.csproj", "{023E7B8D-72D2-47D7-BB11-DD4F36C522EF}"
EndProject
Global
	GlobalSection(SolutionConfigurationPlatforms) = preSolution
		Debug|Any CPU = Debug|Any CPU
		Release|Any CPU = Release|Any CPU
	EndGlobalSection
	GlobalSection(ProjectConfigurationPlatforms) = postSolution
		{023E7B8D-72D2-47D7-BB11-DD4F36C522EF}.Debug|Any CPU.ActiveCfg = Debug|Any CPU
		{023E7B8D-72D2-47D7-BB11-DD4F36C522EF}.Debug|Any CPU.Build.0 = Debug|Any CPU
		{023E7B8D-72D2-47D7-BB11-DD4F36C522EF}.Release|Any CPU.ActiveCfg = Release|Any CPU
		{023E7B8D-72D2-47D7-BB11-DD4F36C522EF}.Release|Any CPU.Build.0 = Release|Any CPU
	EndGlobalSection
	GlobalSection(SolutionProperties) = preSolution
		HideSolutionNode = FALSE
	EndGlobalSection
	GlobalSection(ExtensibilityGlobals) = postSolution
		SolutionGuid = {ECBB12AF-6DA7-4C36-9074-51EF8C2045EA}
	EndGlobalSection
EndGlobal
